// !$*UTF8*$!
{
	archiveVersion = 1;
	classes = {
	};
	objectVersion = 46;
	objects = {

/* Begin PBXBuildFile section */
		3C2473331BD5E3A000ECCE73 /* imgLead.png in Resources */ = {isa = PBXBuildFile; fileRef = 3C2473321BD5E3A000ECCE73 /* imgLead.png */; };
		3C4C2C501BCE03550034F88E /* AppDelegate.m in Sources */ = {isa = PBXBuildFile; fileRef = 3C4C2C4F1BCE03550034F88E /* AppDelegate.m */; };
		3C4C2C521BCE03550034F88E /* main.m in Sources */ = {isa = PBXBuildFile; fileRef = 3C4C2C511BCE03550034F88E /* main.m */; };
		3C4C2C541BCE03550034F88E /* Images.xcassets in Resources */ = {isa = PBXBuildFile; fileRef = 3C4C2C531BCE03550034F88E /* Images.xcassets */; };
		3C4C2C571BCE03550034F88E /* MainMenu.xib in Resources */ = {isa = PBXBuildFile; fileRef = 3C4C2C551BCE03550034F88E /* MainMenu.xib */; };
		3C4C2C631BCE03550034F88E /* customTableViewTests.m in Sources */ = {isa = PBXBuildFile; fileRef = 3C4C2C621BCE03550034F88E /* customTableViewTests.m */; };
		3C4C2C6F1BCE038F0034F88E /* PRTableView.m in Sources */ = {isa = PBXBuildFile; fileRef = 3C4C2C6E1BCE038F0034F88E /* PRTableView.m */; };
		3C8C82421BD0A8CA00035C2B /* mixedState.png in Resources */ = {isa = PBXBuildFile; fileRef = 3C8C823F1BD0A8CA00035C2B /* mixedState.png */; };
		3C8C82431BD0A8CA00035C2B /* offState.png in Resources */ = {isa = PBXBuildFile; fileRef = 3C8C82401BD0A8CA00035C2B /* offState.png */; };
		3C8C82441BD0A8CA00035C2B /* onState.png in Resources */ = {isa = PBXBuildFile; fileRef = 3C8C82411BD0A8CA00035C2B /* onState.png */; };
/* End PBXBuildFile section */

/* Begin PBXContainerItemProxy section */
		3C4C2C5D1BCE03550034F88E /* PBXContainerItemProxy */ = {
			isa = PBXContainerItemProxy;
			containerPortal = 3C4C2C411BCE03550034F88E /* Project object */;
			proxyType = 1;
			remoteGlobalIDString = 3C4C2C481BCE03550034F88E;
			remoteInfo = customTableView;
		};
/* End PBXContainerItemProxy section */

/* Begin PBXFileReference section */
		3C2473321BD5E3A000ECCE73 /* imgLead.png */ = {isa = PBXFileReference; lastKnownFileType = image.png; path = imgLead.png; sourceTree = "<group>"; };
		3C4C2C491BCE03550034F88E /* customTableView.app */ = {isa = PBXFileReference; explicitFileType = wrapper.application; includeInIndex = 0; path = customTableView.app; sourceTree = BUILT_PRODUCTS_DIR; };
		3C4C2C4D1BCE03550034F88E /* Info.plist */ = {isa = PBXFileReference; lastKnownFileType = text.plist.xml; path = Info.plist; sourceTree = "<group>"; };
		3C4C2C4E1BCE03550034F88E /* AppDelegate.h */ = {isa = PBXFileReference; lastKnownFileType = sourcecode.c.h; path = AppDelegate.h; sourceTree = "<group>"; };
		3C4C2C4F1BCE03550034F88E /* AppDelegate.m */ = {isa = PBXFileReference; lastKnownFileType = sourcecode.c.objc; path = AppDelegate.m; sourceTree = "<group>"; };
		3C4C2C511BCE03550034F88E /* main.m */ = {isa = PBXFileReference; lastKnownFileType = sourcecode.c.objc; path = main.m; sourceTree = "<group>"; };
		3C4C2C531BCE03550034F88E /* Images.xcassets */ = {isa = PBXFileReference; lastKnownFileType = folder.assetcatalog; path = Images.xcassets; sourceTree = "<group>"; };
		3C4C2C561BCE03550034F88E /* Base */ = {isa = PBXFileReference; lastKnownFileType = file.xib; name = Base; path = Base.lproj/MainMenu.xib; sourceTree = "<group>"; };
		3C4C2C5C1BCE03550034F88E /* customTableViewTests.xctest */ = {isa = PBXFileReference; explicitFileType = wrapper.cfbundle; includeInIndex = 0; path = customTableViewTests.xctest; sourceTree = BUILT_PRODUCTS_DIR; };
		3C4C2C611BCE03550034F88E /* Info.plist */ = {isa = PBXFileReference; lastKnownFileType = text.plist.xml; path = Info.plist; sourceTree = "<group>"; };
		3C4C2C621BCE03550034F88E /* customTableViewTests.m */ = {isa = PBXFileReference; lastKnownFileType = sourcecode.c.objc; path = customTableViewTests.m; sourceTree = "<group>"; };
		3C4C2C6D1BCE038F0034F88E /* PRTableView.h */ = {isa = PBXFileReference; fileEncoding = 4; lastKnownFileType = sourcecode.c.h; path = PRTableView.h; sourceTree = "<group>"; };
		3C4C2C6E1BCE038F0034F88E /* PRTableView.m */ = {isa = PBXFileReference; fileEncoding = 4; lastKnownFileType = sourcecode.c.objc; path = PRTableView.m; sourceTree = "<group>"; };
		3C8C823F1BD0A8CA00035C2B /* mixedState.png */ = {isa = PBXFileReference; lastKnownFileType = image.png; path = mixedState.png; sourceTree = "<group>"; };
		3C8C82401BD0A8CA00035C2B /* offState.png */ = {isa = PBXFileReference; lastKnownFileType = image.png; path = offState.png; sourceTree = "<group>"; };
		3C8C82411BD0A8CA00035C2B /* onState.png */ = {isa = PBXFileReference; lastKnownFileType = image.png; path = onState.png; sourceTree = "<group>"; };
/* End PBXFileReference section */

/* Begin PBXFrameworksBuildPhase section */
		3C4C2C461BCE03550034F88E /* Frameworks */ = {
			isa = PBXFrameworksBuildPhase;
			buildActionMask = 2147483647;
			files = (
			);
			runOnlyForDeploymentPostprocessing = 0;
		};
		3C4C2C591BCE03550034F88E /* Frameworks */ = {
			isa = PBXFrameworksBuildPhase;
			buildActionMask = 2147483647;
			files = (
			);
			runOnlyForDeploymentPostprocessing = 0;
		};
/* End PBXFrameworksBuildPhase section */

/* Begin PBXGroup section */
		3C4C2C401BCE03550034F88E = {
			isa = PBXGroup;
			children = (
				3C4C2C4B1BCE03550034F88E /* customTableView */,
				3C4C2C5F1BCE03550034F88E /* customTableViewTests */,
				3C4C2C4A1BCE03550034F88E /* Products */,
			);
			sourceTree = "<group>";
		};
		3C4C2C4A1BCE03550034F88E /* Products */ = {
			isa = PBXGroup;
			children = (
				3C4C2C491BCE03550034F88E /* customTableView.app */,
				3C4C2C5C1BCE03550034F88E /* customTableViewTests.xctest */,
			);
			name = Products;
			sourceTree = "<group>";
		};
		3C4C2C4B1BCE03550034F88E /* customTableView */ = {
			isa = PBXGroup;
			children = (
				3C4C2C6C1BCE035C0034F88E /* tableView */,
				3C4C2C4E1BCE03550034F88E /* AppDelegate.h */,
				3C4C2C4F1BCE03550034F88E /* AppDelegate.m */,
				3C4C2C531BCE03550034F88E /* Images.xcassets */,
				3C4C2C551BCE03550034F88E /* MainMenu.xib */,
				3C4C2C4C1BCE03550034F88E /* Supporting Files */,
			);
			path = customTableView;
			sourceTree = "<group>";
		};
		3C4C2C4C1BCE03550034F88E /* Supporting Files */ = {
			isa = PBXGroup;
			children = (
				3C4C2C4D1BCE03550034F88E /* Info.plist */,
				3C4C2C511BCE03550034F88E /* main.m */,
			);
			name = "Supporting Files";
			sourceTree = "<group>";
		};
		3C4C2C5F1BCE03550034F88E /* customTableViewTests */ = {
			isa = PBXGroup;
			children = (
				3C4C2C621BCE03550034F88E /* customTableViewTests.m */,
				3C4C2C601BCE03550034F88E /* Supporting Files */,
			);
			path = customTableViewTests;
			sourceTree = "<group>";
		};
		3C4C2C601BCE03550034F88E /* Supporting Files */ = {
			isa = PBXGroup;
			children = (
				3C4C2C611BCE03550034F88E /* Info.plist */,
			);
			name = "Supporting Files";
			sourceTree = "<group>";
		};
		3C4C2C6C1BCE035C0034F88E /* tableView */ = {
			isa = PBXGroup;
			children = (
				3C8C823E1BD0A84500035C2B /* Custom Image */,
				3C4C2C6D1BCE038F0034F88E /* PRTableView.h */,
				3C4C2C6E1BCE038F0034F88E /* PRTableView.m */,
			);
			name = tableView;
			sourceTree = "<group>";
		};
		3C8C823E1BD0A84500035C2B /* Custom Image */ = {
			isa = PBXGroup;
			children = (
				3C2473321BD5E3A000ECCE73 /* imgLead.png */,
				3C8C823F1BD0A8CA00035C2B /* mixedState.png */,
				3C8C82401BD0A8CA00035C2B /* offState.png */,
				3C8C82411BD0A8CA00035C2B /* onState.png */,
			);
			name = "Custom Image";
			sourceTree = "<group>";
		};
/* End PBXGroup section */

/* Begin PBXNativeTarget section */
		3C4C2C481BCE03550034F88E /* customTableView */ = {
			isa = PBXNativeTarget;
			buildConfigurationList = 3C4C2C661BCE03550034F88E /* Build configuration list for PBXNativeTarget "customTableView" */;
			buildPhases = (
				3C4C2C451BCE03550034F88E /* Sources */,
				3C4C2C461BCE03550034F88E /* Frameworks */,
				3C4C2C471BCE03550034F88E /* Resources */,
			);
			buildRules = (
			);
			dependencies = (
			);
			name = customTableView;
			productName = customTableView;
			productReference = 3C4C2C491BCE03550034F88E /* customTableView.app */;
			productType = "com.apple.product-type.application";
		};
		3C4C2C5B1BCE03550034F88E /* customTableViewTests */ = {
			isa = PBXNativeTarget;
			buildConfigurationList = 3C4C2C691BCE03550034F88E /* Build configuration list for PBXNativeTarget "customTableViewTests" */;
			buildPhases = (
				3C4C2C581BCE03550034F88E /* Sources */,
				3C4C2C591BCE03550034F88E /* Frameworks */,
				3C4C2C5A1BCE03550034F88E /* Resources */,
			);
			buildRules = (
			);
			dependencies = (
				3C4C2C5E1BCE03550034F88E /* PBXTargetDependency */,
			);
			name = customTableViewTests;
			productName = customTableViewTests;
			productReference = 3C4C2C5C1BCE03550034F88E /* customTableViewTests.xctest */;
			productType = "com.apple.product-type.bundle.unit-test";
		};
/* End PBXNativeTarget section */

/* Begin PBXProject section */
		3C4C2C411BCE03550034F88E /* Project object */ = {
			isa = PBXProject;
			attributes = {
				LastUpgradeCheck = 0640;
				ORGANIZATIONNAME = iFunia;
				TargetAttributes = {
					3C4C2C481BCE03550034F88E = {
						CreatedOnToolsVersion = 6.4;
					};
					3C4C2C5B1BCE03550034F88E = {
						CreatedOnToolsVersion = 6.4;
						TestTargetID = 3C4C2C481BCE03550034F88E;
					};
				};
			};
			buildConfigurationList = 3C4C2C441BCE03550034F88E /* Build configuration list for PBXProject "customTableView" */;
			compatibilityVersion = "Xcode 3.2";
			developmentRegion = English;
			hasScannedForEncodings = 0;
			knownRegions = (
				en,
				Base,
			);
			mainGroup = 3C4C2C401BCE03550034F88E;
			productRefGroup = 3C4C2C4A1BCE03550034F88E /* Products */;
			projectDirPath = "";
			projectRoot = "";
			targets = (
				3C4C2C481BCE03550034F88E /* customTableView */,
				3C4C2C5B1BCE03550034F88E /* customTableViewTests */,
			);
		};
/* End PBXProject section */

/* Begin PBXResourcesBuildPhase section */
		3C4C2C471BCE03550034F88E /* Resources */ = {
			isa = PBXResourcesBuildPhase;
			buildActionMask = 2147483647;
			files = (
				3C4C2C541BCE03550034F88E /* Images.xcassets in Resources */,
				3C2473331BD5E3A000ECCE73 /* imgLead.png in Resources */,
				3C8C82421BD0A8CA00035C2B /* mixedState.png in Resources */,
				3C8C82441BD0A8CA00035C2B /* onState.png in Resources */,
				3C4C2C571BCE03550034F88E /* MainMenu.xib in Resources */,
				3C8C82431BD0A8CA00035C2B /* offState.png in Resources */,
			);
			runOnlyForDeploymentPostprocessing = 0;
		};
		3C4C2C5A1BCE03550034F88E /* Resources */ = {
			isa = PBXResourcesBuildPhase;
			buildActionMask = 2147483647;
			files = (
			);
			runOnlyForDeploymentPostprocessing = 0;
		};
/* End PBXResourcesBuildPhase section */

/* Begin PBXSourcesBuildPhase section */
		3C4C2C451BCE03550034F88E /* Sources */ = {
			isa = PBXSourcesBuildPhase;
			buildActionMask = 2147483647;
			files = (
				3C4C2C521BCE03550034F88E /* main.m in Sources */,
				3C4C2C501BCE03550034F88E /* AppDelegate.m in Sources */,
				3C4C2C6F1BCE038F0034F88E /* PRTableView.m in Sources */,
			);
			runOnlyForDeploymentPostprocessing = 0;
		};
		3C4C2C581BCE03550034F88E /* Sources */ = {
			isa = PBXSourcesBuildPhase;
			buildActionMask = 2147483647;
			files = (
				3C4C2C631BCE03550034F88E /* customTableViewTests.m in Sources */,
			);
			runOnlyForDeploymentPostprocessing = 0;
		};
/* End PBXSourcesBuildPhase section */

/* Begin PBXTargetDependency section */
		3C4C2C5E1BCE03550034F88E /* PBXTargetDependency */ = {
			isa = PBXTargetDependency;
			target = 3C4C2C481BCE03550034F88E /* customTableView */;
			targetProxy = 3C4C2C5D1BCE03550034F88E /* PBXContainerItemProxy */;
		};
/* End PBXTargetDependency section */

/* Begin PBXVariantGroup section */
		3C4C2C551BCE03550034F88E /* MainMenu.xib */ = {
			isa = PBXVariantGroup;
			children = (
				3C4C2C561BCE03550034F88E /* Base */,
			);
			name = MainMenu.xib;
			sourceTree = "<group>";
		};
/* End PBXVariantGroup section */

/* Begin XCBuildConfiguration section */
		3C4C2C641BCE03550034F88E /* Debug */ = {
			isa = XCBuildConfiguration;
			buildSettings = {
				ALWAYS_SEARCH_USER_PATHS = NO;
				CLANG_CXX_LANGUAGE_STANDARD = "gnu++0x";
				CLANG_CXX_LIBRARY = "libc++";
				CLANG_ENABLE_MODULES = YES;
				CLANG_ENABLE_OBJC_ARC = YES;
				CLANG_WARN_BOOL_CONVERSION = YES;
				CLANG_WARN_CONSTANT_CONVERSION = YES;
				CLANG_WARN_DIRECT_OBJC_ISA_USAGE = YES_ERROR;
				CLANG_WARN_EMPTY_BODY = YES;
				CLANG_WARN_ENUM_CONVERSION = YES;
				CLANG_WARN_INT_CONVERSION = YES;
				CLANG_WARN_OBJC_ROOT_CLASS = YES_ERROR;
				CLANG_WARN_UNREACHABLE_CODE = YES;
				CLANG_WARN__DUPLICATE_METHOD_MATCH = YES;
				CODE_SIGN_IDENTITY = "-";
				COPY_PHASE_STRIP = NO;
				DEBUG_INFORMATION_FORMAT = dwarf;
				ENABLE_STRICT_OBJC_MSGSEND = YES;
				GCC_C_LANGUAGE_STANDARD = gnu99;
				GCC_DYNAMIC_NO_PIC = NO;
				GCC_NO_COMMON_BLOCKS = YES;
				GCC_OPTIMIZATION_LEVEL = 0;
				GCC_PREPROCESSOR_DEFINITIONS = (
					"DEBUG=1",
					"$(inherited)",
				);
				GCC_SYMBOLS_PRIVATE_EXTERN = NO;
				GCC_WARN_64_TO_32_BIT_CONVERSION = YES;
				GCC_WARN_ABOUT_RETURN_TYPE = YES_ERROR;
				GCC_WARN_UNDECLARED_SELECTOR = YES;
				GCC_WARN_UNINITIALIZED_AUTOS = YES_AGGRESSIVE;
				GCC_WARN_UNUSED_FUNCTION = YES;
				GCC_WARN_UNUSED_VARIABLE = YES;
				MACOSX_DEPLOYMENT_TARGET = 10.10;
				MTL_ENABLE_DEBUG_INFO = YES;
				ONLY_ACTIVE_ARCH = YES;
				SDKROOT = macosx;
			};
			name = Debug;
		};
		3C4C2C651BCE03550034F88E /* Release */ = {
			isa = XCBuildConfiguration;
			buildSettings = {
				ALWAYS_SEARCH_USER_PATHS = NO;
				CLANG_CXX_LANGUAGE_STANDARD = "gnu++0x";
				CLANG_CXX_LIBRARY = "libc++";
				CLANG_ENABLE_MODULES = YES;
				CLANG_ENABLE_OBJC_ARC = YES;
				CLANG_WARN_BOOL_CONVERSION = YES;
				CLANG_WARN_CONSTANT_CONVERSION = YES;
				CLANG_WARN_DIRECT_OBJC_ISA_USAGE = YES_ERROR;
				CLANG_WARN_EMPTY_BODY = YES;
				CLANG_WARN_ENUM_CONVERSION = YES;
				CLANG_WARN_INT_CONVERSION = YES;
				CLANG_WARN_OBJC_ROOT_CLASS = YES_ERROR;
				CLANG_WARN_UNREACHABLE_CODE = YES;
				CLANG_WARN__DUPLICATE_METHOD_MATCH = YES;
				CODE_SIGN_IDENTITY = "-";
				COPY_PHASE_STRIP = NO;
				DEBUG_INFORMATION_FORMAT = "dwarf-with-dsym";
				ENABLE_NS_ASSERTIONS = NO;
				ENABLE_STRICT_OBJC_MSGSEND = YES;
				GCC_C_LANGUAGE_STANDARD = gnu99;
				GCC_NO_COMMON_BLOCKS = YES;
				GCC_WARN_64_TO_32_BIT_CONVERSION = YES;
				GCC_WARN_ABOUT_RETURN_TYPE = YES_ERROR;
				GCC_WARN_UNDECLARED_SELECTOR = YES;
				GCC_WARN_UNINITIALIZED_AUTOS = YES_AGGRESSIVE;
				GCC_WARN_UNUSED_FUNCTION = YES;
				GCC_WARN_UNUSED_VARIABLE = YES;
				MACOSX_DEPLOYMENT_TARGET = 10.10;
				MTL_ENABLE_DEBUG_INFO = NO;
				SDKROOT = macosx;
			};
			name = Release;
		};
		3C4C2C671BCE03550034F88E /* Debug */ = {
			isa = XCBuildConfiguration;
			buildSettings = {
				ASSETCATALOG_COMPILER_APPICON_NAME = AppIcon;
				COMBINE_HIDPI_IMAGES = YES;
				INFOPLIST_FILE = customTableView/Info.plist;
				LD_RUNPATH_SEARCH_PATHS = "$(inherited) @executable_path/../Frameworks";
				PRODUCT_NAME = "$(TARGET_NAME)";
			};
			name = Debug;
		};
		3C4C2C681BCE03550034F88E /* Release */ = {
			isa = XCBuildConfiguration;
			buildSettings = {
				ASSETCATALOG_COMPILER_APPICON_NAME = AppIcon;
				COMBINE_HIDPI_IMAGES = YES;
				INFOPLIST_FILE = customTableView/Info.plist;
				LD_RUNPATH_SEARCH_PATHS = "$(inherited) @executable_path/../Frameworks";
				PRODUCT_NAME = "$(TARGET_NAME)";
			};
			name = Release;
		};
		3C4C2C6A1BCE03550034F88E /* Debug */ = {
			isa = XCBuildConfiguration;
			buildSettings = {
				BUNDLE_LOADER = "$(TEST_HOST)";
				COMBINE_HIDPI_IMAGES = YES;
				FRAMEWORK_SEARCH_PATHS = (
					"$(DEVELOPER_FRAMEWORKS_DIR)",
					"$(inherited)",
				);
				GCC_PREPROCESSOR_DEFINITIONS = (
					"DEBUG=1",
					"$(inherited)",
				);
				INFOPLIST_FILE = customTableViewTests/Info.plist;
				LD_RUNPATH_SEARCH_PATHS = "$(inherited) @executable_path/../Frameworks @loader_path/../Frameworks";
				PRODUCT_NAME = "$(TARGET_NAME)";
				TEST_HOST = "$(BUILT_PRODUCTS_DIR)/customTableView.app/Contents/MacOS/customTableView";
			};
			name = Debug;
		};
		3C4C2C6B1BCE03550034F88E /* Release */ = {
			isa = XCBuildConfiguration;
			buildSettings = {
				BUNDLE_LOADER = "$(TEST_HOST)";
				COMBINE_HIDPI_IMAGES = YES;
				FRAMEWORK_SEARCH_PATHS = (
					"$(DEVELOPER_FRAMEWORKS_DIR)",
					"$(inherited)",
				);
				INFOPLIST_FILE = customTableViewTests/Info.plist;
				LD_RUNPATH_SEARCH_PATHS = "$(inherited) @executable_path/../Frameworks @loader_path/../Frameworks";
				PRODUCT_NAME = "$(TARGET_NAME)";
				TEST_HOST = "$(BUILT_PRODUCTS_DIR)/customTableView.app/Contents/MacOS/customTableView";
			};
			name = Release;
		};
/* End XCBuildConfiguration section */

/* Begin XCConfigurationList section */
		3C4C2C441BCE03550034F88E /* Build configuration list for PBXProject "customTableView" */ = {
			isa = XCConfigurationList;
			buildConfigurations = (
				3C4C2C641BCE03550034F88E /* Debug */,
				3C4C2C651BCE03550034F88E /* Release */,
			);
			defaultConfigurationIsVisible = 0;
			defaultConfigurationName = Release;
		};
		3C4C2C661BCE03550034F88E /* Build configuration list for PBXNativeTarget "customTableView" */ = {
			isa = XCConfigurationList;
			buildConfigurations = (
				3C4C2C671BCE03550034F88E /* Debug */,
				3C4C2C681BCE03550034F88E /* Release */,
			);
			defaultConfigurationIsVisible = 0;
			defaultConfigurationName = Release;
		};
		3C4C2C691BCE03550034F88E /* Build configuration list for PBXNativeTarget "customTableViewTests" */ = {
			isa = XCConfigurationList;
			buildConfigurations = (
				3C4C2C6A1BCE03550034F88E /* Debug */,
				3C4C2C6B1BCE03550034F88E /* Release */,
			);
			defaultConfigurationIsVisible = 0;
			defaultConfigurationName = Release;
		};
/* End XCConfigurationList section */
	};
	rootObject = 3C4C2C411BCE03550034F88E /* Project object */;
}
